
Microsoft Visual Studio Solution File, Format Version 11.00
# Visual Studio 2010

Project("{FAE04EC0-301F-11D3-BF4B-00C04F79EFBC}") = "WindowsFormsApp1", "WindowsFormsApp1\WindowsFormsApp1.csproj", "{C5E00EE8-828E-4E81-8719-BE89BE1848DF}"
EndProject
Global
	GlobalSection(SolutionConfigurationPlatforms) = preSolution
		Debug|Any CPU = Debug|Any CPU
		Release|Any CPU = Release|Any CPU
	EndGlobalSection
	GlobalSection(ProjectConfigurationPlatforms) = postSolution
		{C5E00EE8-828E-4E81-8719-BE89BE1848DF}.Debug|Any CPU.ActiveCfg = Debug|Any CPU
		{C5E00EE8-828E-4E81-8719-BE89BE1848DF}.Debug|Any CPU.Build.0 = Debug|Any CPU
		{C5E00EE8-828E-4E81-8719-BE89BE1848DF}.Release|Any CPU.ActiveCfg = Release|Any CPU
		{C5E00EE8-828E-4E81-8719-BE89BE1848DF}.Release|Any CPU.Build.0 = Release|Any CPU
	EndGlobalSection
	GlobalSection(SolutionProperties) = preSolution
		HideSolutionNode = FALSE
	EndGlobalSection
	GlobalSection(ExtensibilityGlobals) = postSolution
		SolutionGuid = {7F30BDAA-CAE5-4BCA-8B36-F8D120195570}
	EndGlobalSection
EndGlobal
